
Microsoft Visual Studio Solution File, Format Version 11.00
# Visual Studio 2010
Project("{FAE04EC0-301F-11D3-BF4B-00C04F79EFBC}") = "Raven.WebConsole.Main", "Raven.WebConsole.Main\Raven.WebConsole.Main.csproj", "{7BF4BC9F-CEAE-4CBE-83F4-B6F0EBDBAC18}"
EndProject
Project("{FAE04EC0-301F-11D3-BF4B-00C04F79EFBC}") = "Raven.WebConsole", "Raven.WebConsole\Raven.WebConsole.csproj", "{D33ED0EF-1051-4908-8E23-20C971722B7F}"
EndProject
Project("{FAE04EC0-301F-11D3-BF4B-00C04F79EFBC}") = "Raven.WebConsole.Tests", "Raven.WebConsole.Tests\Raven.WebConsole.Tests.csproj", "{8B07F8BA-337B-4401-B570-BD5A66D7912D}"
EndProject
Global
	GlobalSection(SolutionConfigurationPlatforms) = preSolution
		Debug|Any CPU = Debug|Any CPU
		Release|Any CPU = Release|Any CPU
	EndGlobalSection
	GlobalSection(ProjectConfigurationPlatforms) = postSolution
		{7BF4BC9F-CEAE-4CBE-83F4-B6F0EBDBAC18}.Debug|Any CPU.ActiveCfg = Debug|Any CPU
		{7BF4BC9F-CEAE-4CBE-83F4-B6F0EBDBAC18}.Debug|Any CPU.Build.0 = Debug|Any CPU
		{7BF4BC9F-CEAE-4CBE-83F4-B6F0EBDBAC18}.Release|Any CPU.ActiveCfg = Release|Any CPU
		{7BF4BC9F-CEAE-4CBE-83F4-B6F0EBDBAC18}.Release|Any CPU.Build.0 = Release|Any CPU
		{D33ED0EF-1051-4908-8E23-20C971722B7F}.Debug|Any CPU.ActiveCfg = Debug|Any CPU
		{D33ED0EF-1051-4908-8E23-20C971722B7F}.Debug|Any CPU.Build.0 = Debug|Any CPU
		{D33ED0EF-1051-4908-8E23-20C971722B7F}.Release|Any CPU.ActiveCfg = Release|Any CPU
		{D33ED0EF-1051-4908-8E23-20C971722B7F}.Release|Any CPU.Build.0 = Release|Any CPU
		{8B07F8BA-337B-4401-B570-BD5A66D7912D}.Debug|Any CPU.ActiveCfg = Debug|Any CPU
		{8B07F8BA-337B-4401-B570-BD5A66D7912D}.Debug|Any CPU.Build.0 = Debug|Any CPU
		{8B07F8BA-337B-4401-B570-BD5A66D7912D}.Release|Any CPU.ActiveCfg = Release|Any CPU
		{8B07F8BA-337B-4401-B570-BD5A66D7912D}.Release|Any CPU.Build.0 = Release|Any CPU
	EndGlobalSection
	GlobalSection(SolutionProperties) = preSolution
		HideSolutionNode = FALSE
	EndGlobalSection
EndGlobal
